Microsoft Visual Studio Solution File, Format Version 11.00
# Visual Studio 2008

Project("{37B6A9CF-9422-83FD-CAA6-24C75A3A7A69}") = "ThunderDome2", "Assembly-CSharp-firstpass.csproj", "{4763C964-A7E6-A101-67A7-BD7390C9BEC5}"
EndProject
Project("{37B6A9CF-9422-83FD-CAA6-24C75A3A7A69}") = "ThunderDome2", "Assembly-CSharp.csproj", "{A0927CEE-458C-2F66-7EBF-5707AC830D4A}"
EndProject
Project("{37B6A9CF-9422-83FD-CAA6-24C75A3A7A69}") = "ThunderDome2", "Assembly-CSharp-Editor.csproj", "{9305D7DD-88E7-B953-B796-2EE0F0717209}"
EndProject
Project("{37B6A9CF-9422-83FD-CAA6-24C75A3A7A69}") = "ThunderDome2", "Assembly-UnityScript-firstpass.unityproj", "{317AC447-1B29-840F-95C0-2F922FAFC149}"
EndProject
Global
	GlobalSection(SolutionConfigurationPlatforms) = preSolution
		Debug|Any CPU = Debug|Any CPU
		Release|Any CPU = Release|Any CPU
	EndGlobalSection
	GlobalSection(ProjectConfigurationPlatforms) = postSolution
		{4763C964-A7E6-A101-67A7-BD7390C9BEC5}.Debug|Any CPU.ActiveCfg = Debug|Any CPU
		{4763C964-A7E6-A101-67A7-BD7390C9BEC5}.Debug|Any CPU.Build.0 = Debug|Any CPU
		{4763C964-A7E6-A101-67A7-BD7390C9BEC5}.Release|Any CPU.ActiveCfg = Release|Any CPU
		{4763C964-A7E6-A101-67A7-BD7390C9BEC5}.Release|Any CPU.Build.0 = Release|Any CPU
		{A0927CEE-458C-2F66-7EBF-5707AC830D4A}.Debug|Any CPU.ActiveCfg = Debug|Any CPU
		{A0927CEE-458C-2F66-7EBF-5707AC830D4A}.Debug|Any CPU.Build.0 = Debug|Any CPU
		{A0927CEE-458C-2F66-7EBF-5707AC830D4A}.Release|Any CPU.ActiveCfg = Release|Any CPU
		{A0927CEE-458C-2F66-7EBF-5707AC830D4A}.Release|Any CPU.Build.0 = Release|Any CPU
		{9305D7DD-88E7-B953-B796-2EE0F0717209}.Debug|Any CPU.ActiveCfg = Debug|Any CPU
		{9305D7DD-88E7-B953-B796-2EE0F0717209}.Debug|Any CPU.Build.0 = Debug|Any CPU
		{9305D7DD-88E7-B953-B796-2EE0F0717209}.Release|Any CPU.ActiveCfg = Release|Any CPU
		{9305D7DD-88E7-B953-B796-2EE0F0717209}.Release|Any CPU.Build.0 = Release|Any CPU
		{317AC447-1B29-840F-95C0-2F922FAFC149}.Debug|Any CPU.ActiveCfg = Debug|Any CPU
		{317AC447-1B29-840F-95C0-2F922FAFC149}.Debug|Any CPU.Build.0 = Debug|Any CPU
		{317AC447-1B29-840F-95C0-2F922FAFC149}.Release|Any CPU.ActiveCfg = Release|Any CPU
		{317AC447-1B29-840F-95C0-2F922FAFC149}.Release|Any CPU.Build.0 = Release|Any CPU
	EndGlobalSection
	GlobalSection(SolutionProperties) = preSolution
		HideSolutionNode = FALSE
	EndGlobalSection
																									GlobalSection(MonoDevelopProperties) = preSolution
		StartupItem = Assembly-CSharp.csproj
		Policies = $0
		$0.TextStylePolicy = $1
		$1.inheritsSet = null
		$1.scope = text/x-csharp
		$0.CSharpFormattingPolicy = $2
		$2.inheritsSet = Mono
		$2.inheritsScope = text/x-csharp
		$2.scope = text/x-csharp
		$0.TextStylePolicy = $3
		$3.FileWidth = 120
		$3.TabWidth = 4
		$3.IndentWidth = 4
		$3.EolMarker = Unix
		$3.inheritsSet = Mono
		$3.inheritsScope = text/plain
		$3.scope = text/plain
	EndGlobalSection

EndGlobal
